GEM
  remote: https://gem.coop/
  specs:
    addressable (2.9.0)
      public_suffix (>= 2.0.2, < 8.0)
    anonymous_loader (0.1.2)
      version_gem (~> 1.1, >= 1.1.13)
    auth-sanitizer (0.2.2)
      version_gem (~> 1.1, >= 1.1.10)
    base64 (0.3.0)
    cgi (0.5.1)
    childprocess (5.1.0)
      logger (~> 1.5)
    hashie (5.1.0)
      logger
    hocon (1.4.0)
    json (2.19.9)
    launchy (3.1.1)
      addressable (~> 2.8)
      childprocess (~> 5.0)
      logger (~> 1.6)
    logger (1.7.0)
    oauth (1.1.7)
      auth-sanitizer (~> 0.2, >= 0.2.1)
      base64 (~> 0.1)
      oauth-tty (~> 1.0, >= 1.0.10)
      snaky_hash (~> 2.0, >= 2.0.5)
      version_gem (~> 1.1, >= 1.1.12)
    oauth-tty (1.0.12)
      anonymous_loader (~> 0.1, >= 0.1.1)
      auth-sanitizer (~> 0.2, >= 0.2.2)
      version_gem (~> 1.1, >= 1.1.12)
    public_suffix (7.0.5)
    snaky_hash (2.0.6)
      hashie (>= 0.1.0, < 6)
      version_gem (>= 1.1.8, < 3)
    version_gem (1.1.13)

PLATFORMS
  ruby

DEPENDENCIES
  base64
  cgi
  hocon
  json
  launchy
  oauth

RUBY VERSION
  ruby 3.4.2p28

BUNDLED WITH
  4.0.12
